// !$*UTF8*$!
{
	archiveVersion = 1;
	classes = {
	};
	objectVersion = 55;
	objects = {

/* Begin PBXBuildFile section */
		3F29F6832824F8B800544BDD /* AuthorizationViewController.swift in Sources */ = {isa = PBXBuildFile; fileRef = 3F29F6822824F8B800544BDD /* AuthorizationViewController.swift */; };
		3F2CE5AF27FE854A009AFA45 /* LikeControl.swift in Sources */ = {isa = PBXBuildFile; fileRef = 3F2CE5AE27FE854A009AFA45 /* LikeControl.swift */; };
		3F61A8E028051549008491F7 /* NewsTableViewController.swift in Sources */ = {isa = PBXBuildFile; fileRef = 3F61A8DF28051549008491F7 /* NewsTableViewController.swift */; };
		3F61A8E428059DAC008491F7 /* RealmNews.swift in Sources */ = {isa = PBXBuildFile; fileRef = 3F61A8E328059DAC008491F7 /* RealmNews.swift */; };
		3F61AFF327F1EFFC00F1DACD /* MyFriendsTableCell.swift in Sources */ = {isa = PBXBuildFile; fileRef = 3F61AFF227F1EFFC00F1DACD /* MyFriendsTableCell.swift */; };
		3F61AFF527F226DC00F1DACD /* PhotosCollectionViewController.swift in Sources */ = {isa = PBXBuildFile; fileRef = 3F61AFF427F226DC00F1DACD /* PhotosCollectionViewController.swift */; };
		3F61FC2A27F31C0C00BEE41D /* PhotoViewController.swift in Sources */ = {isa = PBXBuildFile; fileRef = 3F61FC2927F31C0C00BEE41D /* PhotoViewController.swift */; };
		3F61FC2C27F3330400BEE41D /* PhotoCollectionCell.swift in Sources */ = {isa = PBXBuildFile; fileRef = 3F61FC2B27F3330400BEE41D /* PhotoCollectionCell.swift */; };
		3F61FC3027F3465700BEE41D /* MyGroupsTableViewController.swift in Sources */ = {isa = PBXBuildFile; fileRef = 3F61FC2F27F3465700BEE41D /* MyGroupsTableViewController.swift */; };
		3F61FC3227F346CE00BEE41D /* MyGroupsTableCell.swift in Sources */ = {isa = PBXBuildFile; fileRef = 3F61FC3127F346CE00BEE41D /* MyGroupsTableCell.swift */; };
		3F68F1A527F407590021040F /* GlobalGroupsTableViewCell.swift in Sources */ = {isa = PBXBuildFile; fileRef = 3F68F1A427F407590021040F /* GlobalGroupsTableViewCell.swift */; };
		3F68F1A727F407A60021040F /* GlobalGroupsTableViewController.swift in Sources */ = {isa = PBXBuildFile; fileRef = 3F68F1A627F407A60021040F /* GlobalGroupsTableViewController.swift */; };
		3F6905B327F17B2700C48143 /* FriendsViewController.swift in Sources */ = {isa = PBXBuildFile; fileRef = 3F6905B227F17B2700C48143 /* FriendsViewController.swift */; };
		3F7A35EC2833553E00C25DA1 /* ImageCollectionCell.swift in Sources */ = {isa = PBXBuildFile; fileRef = 3F7A35EB2833553E00C25DA1 /* ImageCollectionCell.swift */; };
		3FBF8C3B27E6E7CE006F7FB3 /* AppDelegate.swift in Sources */ = {isa = PBXBuildFile; fileRef = 3FBF8C3A27E6E7CE006F7FB3 /* AppDelegate.swift */; };
		3FBF8C3D27E6E7CE006F7FB3 /* SceneDelegate.swift in Sources */ = {isa = PBXBuildFile; fileRef = 3FBF8C3C27E6E7CE006F7FB3 /* SceneDelegate.swift */; };
		3FBF8C4227E6E7CE006F7FB3 /* Main.storyboard in Resources */ = {isa = PBXBuildFile; fileRef = 3FBF8C4027E6E7CE006F7FB3 /* Main.storyboard */; };
		3FBF8C4427E6E7D1006F7FB3 /* Assets.xcassets in Resources */ = {isa = PBXBuildFile; fileRef = 3FBF8C4327E6E7D1006F7FB3 /* Assets.xcassets */; };
		3FBF8C4727E6E7D1006F7FB3 /* LaunchScreen.storyboard in Resources */ = {isa = PBXBuildFile; fileRef = 3FBF8C4527E6E7D1006F7FB3 /* LaunchScreen.storyboard */; };
		3FC6053C2827BDAA004BEC1B /* Session.swift in Sources */ = {isa = PBXBuildFile; fileRef = 3FC6053B2827BDAA004BEC1B /* Session.swift */; };
		3FD100E9282E81C3008E24FC /* NewsCellProtocol.swift in Sources */ = {isa = PBXBuildFile; fileRef = 3FD100E8282E81C3008E24FC /* NewsCellProtocol.swift */; };
		3FD100EB282E82D0008E24FC /* ImageNewsCell.swift in Sources */ = {isa = PBXBuildFile; fileRef = 3FD100EA282E82D0008E24FC /* ImageNewsCell.swift */; };
		3FD100ED282E8637008E24FC /* TextNewsCell.swift in Sources */ = {isa = PBXBuildFile; fileRef = 3FD100EC282E8637008E24FC /* TextNewsCell.swift */; };
		3FD100EF282E86F8008E24FC /* ImageAndTextCell.swift in Sources */ = {isa = PBXBuildFile; fileRef = 3FD100EE282E86F8008E24FC /* ImageAndTextCell.swift */; };
		3FD5C410282A77FD00C8C69C /* UIImage+URL.swift in Sources */ = {isa = PBXBuildFile; fileRef = 3FD5C40F282A77FD00C8C69C /* UIImage+URL.swift */; };
		3FFC1C6B28140615000ECD0F /* TransitionAnimator.swift in Sources */ = {isa = PBXBuildFile; fileRef = 3FFC1C6A28140615000ECD0F /* TransitionAnimator.swift */; };
		8626A8EC2849D6A5008968E9 /* Response.swift in Sources */ = {isa = PBXBuildFile; fileRef = 8626A8EB2849D6A5008968E9 /* Response.swift */; };
		8626A8EE2849DA70008968E9 /* PhotoUrl.swift in Sources */ = {isa = PBXBuildFile; fileRef = 8626A8ED2849DA70008968E9 /* PhotoUrl.swift */; };
		8626A8F02849DD27008968E9 /* UserService.swift in Sources */ = {isa = PBXBuildFile; fileRef = 8626A8EF2849DD26008968E9 /* UserService.swift */; };
		8626A8F22849DD8E008968E9 /* GroupService.swift in Sources */ = {isa = PBXBuildFile; fileRef = 8626A8F12849DD8E008968E9 /* GroupService.swift */; };
		8626A8F62849E138008968E9 /* URL+Config.swift in Sources */ = {isa = PBXBuildFile; fileRef = 8626A8F52849E138008968E9 /* URL+Config.swift */; };
		8626A8F82849E503008968E9 /* PhotoService.swift in Sources */ = {isa = PBXBuildFile; fileRef = 8626A8F72849E502008968E9 /* PhotoService.swift */; };
		8626A8FA2849E697008968E9 /* GroupSearchService.swift in Sources */ = {isa = PBXBuildFile; fileRef = 8626A8F92849E697008968E9 /* GroupSearchService.swift */; };
		8626A8FC284A2FC4008968E9 /* NewsService.swift in Sources */ = {isa = PBXBuildFile; fileRef = 8626A8FB284A2FC4008968E9 /* NewsService.swift */; };
		8633C543284756D00016D12B /* ImageAndTextColectionCell.swift in Sources */ = {isa = PBXBuildFile; fileRef = 8633C542284756D00016D12B /* ImageAndTextColectionCell.swift */; };
		865362F4283CB95F009E0C85 /* RealmUser.swift in Sources */ = {isa = PBXBuildFile; fileRef = 865362F3283CB95F009E0C85 /* RealmUser.swift */; };
		865362F6283CCD51009E0C85 /* User.swift in Sources */ = {isa = PBXBuildFile; fileRef = 865362F5283CCD51009E0C85 /* User.swift */; };
		865362F8283CD2CA009E0C85 /* Group.swift in Sources */ = {isa = PBXBuildFile; fileRef = 865362F7283CD2CA009E0C85 /* Group.swift */; };
		865362FA283CD4D7009E0C85 /* RealmGroup.swift in Sources */ = {isa = PBXBuildFile; fileRef = 865362F9283CD4D7009E0C85 /* RealmGroup.swift */; };
		865362FE283CF828009E0C85 /* Photo.swift in Sources */ = {isa = PBXBuildFile; fileRef = 865362FD283CF828009E0C85 /* Photo.swift */; };
		86536300283CF8F1009E0C85 /* RealmPhoto.swift in Sources */ = {isa = PBXBuildFile; fileRef = 865362FF283CF8F1009E0C85 /* RealmPhoto.swift */; };
		86FAE38B284099FF0086DF85 /* News.swift in Sources */ = {isa = PBXBuildFile; fileRef = 86FAE38A284099FF0086DF85 /* News.swift */; };
/* End PBXBuildFile section */

/* Begin PBXFileReference section */
		3F29F6822824F8B800544BDD /* AuthorizationViewController.swift */ = {isa = PBXFileReference; lastKnownFileType = sourcecode.swift; path = AuthorizationViewController.swift; sourceTree = "<group>"; };
		3F2CE5AE27FE854A009AFA45 /* LikeControl.swift */ = {isa = PBXFileReference; lastKnownFileType = sourcecode.swift; path = LikeControl.swift; sourceTree = "<group>"; };
		3F61A8DF28051549008491F7 /* NewsTableViewController.swift */ = {isa = PBXFileReference; lastKnownFileType = sourcecode.swift; path = NewsTableViewController.swift; sourceTree = "<group>"; };
		3F61A8E328059DAC008491F7 /* RealmNews.swift */ = {isa = PBXFileReference; lastKnownFileType = sourcecode.swift; path = RealmNews.swift; sourceTree = "<group>"; };
		3F61AFF227F1EFFC00F1DACD /* MyFriendsTableCell.swift */ = {isa = PBXFileReference; lastKnownFileType = sourcecode.swift; path = MyFriendsTableCell.swift; sourceTree = "<group>"; };
		3F61AFF427F226DC00F1DACD /* PhotosCollectionViewController.swift */ = {isa = PBXFileReference; lastKnownFileType = sourcecode.swift; path = PhotosCollectionViewController.swift; sourceTree = "<group>"; };
		3F61FC2927F31C0C00BEE41D /* PhotoViewController.swift */ = {isa = PBXFileReference; lastKnownFileType = sourcecode.swift; path = PhotoViewController.swift; sourceTree = "<group>"; };
		3F61FC2B27F3330400BEE41D /* PhotoCollectionCell.swift */ = {isa = PBXFileReference; lastKnownFileType = sourcecode.swift; path = PhotoCollectionCell.swift; sourceTree = "<group>"; };
		3F61FC2F27F3465700BEE41D /* MyGroupsTableViewController.swift */ = {isa = PBXFileReference; lastKnownFileType = sourcecode.swift; path = MyGroupsTableViewController.swift; sourceTree = "<group>"; };
		3F61FC3127F346CE00BEE41D /* MyGroupsTableCell.swift */ = {isa = PBXFileReference; lastKnownFileType = sourcecode.swift; path = MyGroupsTableCell.swift; sourceTree = "<group>"; };
		3F68F1A427F407590021040F /* GlobalGroupsTableViewCell.swift */ = {isa = PBXFileReference; lastKnownFileType = sourcecode.swift; path = GlobalGroupsTableViewCell.swift; sourceTree = "<group>"; };
		3F68F1A627F407A60021040F /* GlobalGroupsTableViewController.swift */ = {isa = PBXFileReference; lastKnownFileType = sourcecode.swift; path = GlobalGroupsTableViewController.swift; sourceTree = "<group>"; };
		3F6905B227F17B2700C48143 /* FriendsViewController.swift */ = {isa = PBXFileReference; lastKnownFileType = sourcecode.swift; path = FriendsViewController.swift; sourceTree = "<group>"; };
		3F7A35EB2833553E00C25DA1 /* ImageCollectionCell.swift */ = {isa = PBXFileReference; lastKnownFileType = sourcecode.swift; path = ImageCollectionCell.swift; sourceTree = "<group>"; };
		3FBF8C3A27E6E7CE006F7FB3 /* AppDelegate.swift */ = {isa = PBXFileReference; lastKnownFileType = sourcecode.swift; path = AppDelegate.swift; sourceTree = "<group>"; };
		3FBF8C3C27E6E7CE006F7FB3 /* SceneDelegate.swift */ = {isa = PBXFileReference; lastKnownFileType = sourcecode.swift; path = SceneDelegate.swift; sourceTree = "<group>"; };
		3FBF8C4127E6E7CE006F7FB3 /* Base */ = {isa = PBXFileReference; lastKnownFileType = file.storyboard; name = Base; path = Base.lproj/Main.storyboard; sourceTree = "<group>"; };
		3FBF8C4327E6E7D1006F7FB3 /* Assets.xcassets */ = {isa = PBXFileReference; lastKnownFileType = folder.assetcatalog; path = Assets.xcassets; sourceTree = "<group>"; };
		3FBF8C4627E6E7D1006F7FB3 /* Base */ = {isa = PBXFileReference; lastKnownFileType = file.storyboard; name = Base; path = Base.lproj/LaunchScreen.storyboard; sourceTree = "<group>"; };
		3FBF8C4827E6E7D1006F7FB3 /* Info.plist */ = {isa = PBXFileReference; lastKnownFileType = text.plist.xml; path = Info.plist; sourceTree = "<group>"; };
		3FC6053B2827BDAA004BEC1B /* Session.swift */ = {isa = PBXFileReference; lastKnownFileType = sourcecode.swift; path = Session.swift; sourceTree = "<group>"; };
		3FD100E8282E81C3008E24FC /* NewsCellProtocol.swift */ = {isa = PBXFileReference; lastKnownFileType = sourcecode.swift; path = NewsCellProtocol.swift; sourceTree = "<group>"; };
		3FD100EA282E82D0008E24FC /* ImageNewsCell.swift */ = {isa = PBXFileReference; lastKnownFileType = sourcecode.swift; path = ImageNewsCell.swift; sourceTree = "<group>"; };
		3FD100EC282E8637008E24FC /* TextNewsCell.swift */ = {isa = PBXFileReference; lastKnownFileType = sourcecode.swift; path = TextNewsCell.swift; sourceTree = "<group>"; };
		3FD100EE282E86F8008E24FC /* ImageAndTextCell.swift */ = {isa = PBXFileReference; lastKnownFileType = sourcecode.swift; path = ImageAndTextCell.swift; sourceTree = "<group>"; };
		3FD5C40F282A77FD00C8C69C /* UIImage+URL.swift */ = {isa = PBXFileReference; lastKnownFileType = sourcecode.swift; path = "UIImage+URL.swift"; sourceTree = "<group>"; };
		3FFC1C6A28140615000ECD0F /* TransitionAnimator.swift */ = {isa = PBXFileReference; lastKnownFileType = sourcecode.swift; path = TransitionAnimator.swift; sourceTree = "<group>"; };
		8626A8EB2849D6A5008968E9 /* Response.swift */ = {isa = PBXFileReference; lastKnownFileType = sourcecode.swift; path = Response.swift; sourceTree = "<group>"; };
		8626A8ED2849DA70008968E9 /* PhotoUrl.swift */ = {isa = PBXFileReference; lastKnownFileType = sourcecode.swift; path = PhotoUrl.swift; sourceTree = "<group>"; };
		8626A8EF2849DD26008968E9 /* UserService.swift */ = {isa = PBXFileReference; lastKnownFileType = sourcecode.swift; path = UserService.swift; sourceTree = "<group>"; };
		8626A8F12849DD8E008968E9 /* GroupService.swift */ = {isa = PBXFileReference; lastKnownFileType = sourcecode.swift; path = GroupService.swift; sourceTree = "<group>"; };
		8626A8F52849E138008968E9 /* URL+Config.swift */ = {isa = PBXFileReference; lastKnownFileType = sourcecode.swift; path = "URL+Config.swift"; sourceTree = "<group>"; };
		8626A8F72849E502008968E9 /* PhotoService.swift */ = {isa = PBXFileReference; lastKnownFileType = sourcecode.swift; path = PhotoService.swift; sourceTree = "<group>"; };
		8626A8F92849E697008968E9 /* GroupSearchService.swift */ = {isa = PBXFileReference; lastKnownFileType = sourcecode.swift; path = GroupSearchService.swift; sourceTree = "<group>"; };
		8626A8FB284A2FC4008968E9 /* NewsService.swift */ = {isa = PBXFileReference; lastKnownFileType = sourcecode.swift; path = NewsService.swift; sourceTree = "<group>"; };
		8633C542284756D00016D12B /* ImageAndTextColectionCell.swift */ = {isa = PBXFileReference; lastKnownFileType = sourcecode.swift; path = ImageAndTextColectionCell.swift; sourceTree = "<group>"; };
		865362F3283CB95F009E0C85 /* RealmUser.swift */ = {isa = PBXFileReference; lastKnownFileType = sourcecode.swift; path = RealmUser.swift; sourceTree = "<group>"; };
		865362F5283CCD51009E0C85 /* User.swift */ = {isa = PBXFileReference; lastKnownFileType = sourcecode.swift; path = User.swift; sourceTree = "<group>"; };
		865362F7283CD2CA009E0C85 /* Group.swift */ = {isa = PBXFileReference; lastKnownFileType = sourcecode.swift; path = Group.swift; sourceTree = "<group>"; };
		865362F9283CD4D7009E0C85 /* RealmGroup.swift */ = {isa = PBXFileReference; lastKnownFileType = sourcecode.swift; path = RealmGroup.swift; sourceTree = "<group>"; };
		865362FD283CF828009E0C85 /* Photo.swift */ = {isa = PBXFileReference; lastKnownFileType = sourcecode.swift; path = Photo.swift; sourceTree = "<group>"; };
		865362FF283CF8F1009E0C85 /* RealmPhoto.swift */ = {isa = PBXFileReference; lastKnownFileType = sourcecode.swift; path = RealmPhoto.swift; sourceTree = "<group>"; };
		86FAE38A284099FF0086DF85 /* News.swift */ = {isa = PBXFileReference; lastKnownFileType = sourcecode.swift; path = News.swift; sourceTree = "<group>"; };
		DA859B692854375300C56D29 /* TextMeApp.app */ = {isa = PBXFileReference; explicitFileType = wrapper.application; includeInIndex = 0; path = TextMeApp.app; sourceTree = BUILT_PRODUCTS_DIR; };
/* End PBXFileReference section */

/* Begin PBXFrameworksBuildPhase section */
		3FBF8C3427E6E7CE006F7FB3 /* Frameworks */ = {
			isa = PBXFrameworksBuildPhase;
			buildActionMask = 2147483647;
			files = (
			);
			runOnlyForDeploymentPostprocessing = 0;
		};
/* End PBXFrameworksBuildPhase section */

/* Begin PBXGroup section */
		3F61AFEF27F1D1B200F1DACD /* Realm  */ = {
			isa = PBXGroup;
			children = (
				865362F3283CB95F009E0C85 /* RealmUser.swift */,
				865362F9283CD4D7009E0C85 /* RealmGroup.swift */,
				865362FF283CF8F1009E0C85 /* RealmPhoto.swift */,
				3F61A8E328059DAC008491F7 /* RealmNews.swift */,
			);
			path = "Realm ";
			sourceTree = "<group>";
		};
		3FBF8C2E27E6E7CE006F7FB3 = {
			isa = PBXGroup;
			children = (
				3FBF8C3927E6E7CE006F7FB3 /* TextMeApp */,
				DA859B692854375300C56D29 /* TextMeApp.app */,
			);
			sourceTree = "<group>";
		};
		3FBF8C3927E6E7CE006F7FB3 /* TextMeApp */ = {
			isa = PBXGroup;
			children = (
				8626A8EA2849A6D0008968E9 /* Extensions */,
				86FAE38A284099FF0086DF85 /* News.swift */,
				865362F5283CCD51009E0C85 /* User.swift */,
				8626A8EB2849D6A5008968E9 /* Response.swift */,
				865362FD283CF828009E0C85 /* Photo.swift */,
				8626A8ED2849DA70008968E9 /* PhotoUrl.swift */,
				865362F7283CD2CA009E0C85 /* Group.swift */,
				3FD5C40C282A402E00C8C69C /* Network */,
				8633C53F284755F60016D12B /* Collection Cells */,
				8633C541284756310016D12B /* Table Cells */,
				3FD5C40A282A400F00C8C69C /* New Group */,
				3FD5C407282A3F5100C8C69C /* Controlers */,
				3F61AFEF27F1D1B200F1DACD /* Realm  */,
				3FBF8C4827E6E7D1006F7FB3 /* Info.plist */,
				8633C544284757C90016D12B /* Supporting */,
			);
			path = TextMeApp;
			sourceTree = "<group>";
		};
		3FD5C407282A3F5100C8C69C /* Controlers */ = {
			isa = PBXGroup;
			children = (
				3F61A8DF28051549008491F7 /* NewsTableViewController.swift */,
				3F6905B227F17B2700C48143 /* FriendsViewController.swift */,
				3F61FC2F27F3465700BEE41D /* MyGroupsTableViewController.swift */,
				3F68F1A627F407A60021040F /* GlobalGroupsTableViewController.swift */,
				3F61AFF427F226DC00F1DACD /* PhotosCollectionViewController.swift */,
				3F61FC2927F31C0C00BEE41D /* PhotoViewController.swift */,
				3F29F6822824F8B800544BDD /* AuthorizationViewController.swift */,
			);
			path = Controlers;
			sourceTree = "<group>";
		};
		3FD5C409282A3F9B00C8C69C /* Protocols */ = {
			isa = PBXGroup;
			children = (
				3FD100E8282E81C3008E24FC /* NewsCellProtocol.swift */,
			);
			path = Protocols;
			sourceTree = "<group>";
		};
		3FD5C40A282A400F00C8C69C /* New Group */ = {
			isa = PBXGroup;
			children = (
				3FFC1C6A28140615000ECD0F /* TransitionAnimator.swift */,
				3F2CE5AE27FE854A009AFA45 /* LikeControl.swift */,
			);
			path = "New Group";
			sourceTree = "<group>";
		};
		3FD5C40C282A402E00C8C69C /* Network */ = {
			isa = PBXGroup;
			children = (
				8626A8EF2849DD26008968E9 /* UserService.swift */,
				8626A8F72849E502008968E9 /* PhotoService.swift */,
				8626A8F12849DD8E008968E9 /* GroupService.swift */,
				8626A8F92849E697008968E9 /* GroupSearchService.swift */,
				8626A8FB284A2FC4008968E9 /* NewsService.swift */,
				3FC6053B2827BDAA004BEC1B /* Session.swift */,
			);
			path = Network;
			sourceTree = "<group>";
		};
		8626A8EA2849A6D0008968E9 /* Extensions */ = {
			isa = PBXGroup;
			children = (
				3FD5C40F282A77FD00C8C69C /* UIImage+URL.swift */,
				8626A8F52849E138008968E9 /* URL+Config.swift */,
			);
			path = Extensions;
			sourceTree = "<group>";
		};
		8633C53F284755F60016D12B /* Collection Cells */ = {
			isa = PBXGroup;
			children = (
				3F7A35EB2833553E00C25DA1 /* ImageCollectionCell.swift */,
				3F61FC2B27F3330400BEE41D /* PhotoCollectionCell.swift */,
				8633C542284756D00016D12B /* ImageAndTextColectionCell.swift */,
			);
			path = "Collection Cells";
			sourceTree = "<group>";
		};
		8633C541284756310016D12B /* Table Cells */ = {
			isa = PBXGroup;
			children = (
				3F68F1A427F407590021040F /* GlobalGroupsTableViewCell.swift */,
				3F61FC3127F346CE00BEE41D /* MyGroupsTableCell.swift */,
				3F61AFF227F1EFFC00F1DACD /* MyFriendsTableCell.swift */,
				3FD100EE282E86F8008E24FC /* ImageAndTextCell.swift */,
				3FD100EA282E82D0008E24FC /* ImageNewsCell.swift */,
				3FD100EC282E8637008E24FC /* TextNewsCell.swift */,
				3FD5C409282A3F9B00C8C69C /* Protocols */,
			);
			path = "Table Cells";
			sourceTree = "<group>";
		};
		8633C544284757C90016D12B /* Supporting */ = {
			isa = PBXGroup;
			children = (
				3FBF8C3A27E6E7CE006F7FB3 /* AppDelegate.swift */,
				3FBF8C4327E6E7D1006F7FB3 /* Assets.xcassets */,
				3FBF8C3C27E6E7CE006F7FB3 /* SceneDelegate.swift */,
				3FBF8C4527E6E7D1006F7FB3 /* LaunchScreen.storyboard */,
				3FBF8C4027E6E7CE006F7FB3 /* Main.storyboard */,
			);
			path = Supporting;
			sourceTree = "<group>";
		};
/* End PBXGroup section */

/* Begin PBXNativeTarget section */
		3FBF8C3627E6E7CE006F7FB3 /* TextMeApp */ = {
			isa = PBXNativeTarget;
			buildConfigurationList = 3FBF8C4B27E6E7D1006F7FB3 /* Build configuration list for PBXNativeTarget "TextMeApp" */;
			buildPhases = (
				3FBF8C3327E6E7CE006F7FB3 /* Sources */,
				3FBF8C3427E6E7CE006F7FB3 /* Frameworks */,
				3FBF8C3527E6E7CE006F7FB3 /* Resources */,
			);
			buildRules = (
			);
			dependencies = (
			);
			name = TextMeApp;
			packageProductDependencies = (
			);
			productName = TextMeApp;
			productReference = DA859B692854375300C56D29 /* TextMeApp.app */;
			productType = "com.apple.product-type.application";
		};
/* End PBXNativeTarget section */

/* Begin PBXProject section */
		3FBF8C2F27E6E7CE006F7FB3 /* Project object */ = {
			isa = PBXProject;
			attributes = {
				BuildIndependentTargetsInParallel = 1;
				LastSwiftUpdateCheck = 1320;
				LastUpgradeCheck = 1320;
				TargetAttributes = {
					3FBF8C3627E6E7CE006F7FB3 = {
						CreatedOnToolsVersion = 13.2.1;
					};
				};
			};
			buildConfigurationList = 3FBF8C3227E6E7CE006F7FB3 /* Build configuration list for PBXProject "TextMeApp" */;
			compatibilityVersion = "Xcode 13.0";
			developmentRegion = en;
			hasScannedForEncodings = 0;
			knownRegions = (
				en,
				Base,
			);
			mainGroup = 3FBF8C2E27E6E7CE006F7FB3;
			packageReferences = (
				DAA8763828547B5200146F2A /* XCRemoteSwiftPackageReference "realm-swift" */,
			);
			productRefGroup = 3FBF8C2E27E6E7CE006F7FB3;
			projectDirPath = "";
			projectRoot = "";
			targets = (
				3FBF8C3627E6E7CE006F7FB3 /* TextMeApp */,
			);
		};
/* End PBXProject section */

/* Begin PBXResourcesBuildPhase section */
		3FBF8C3527E6E7CE006F7FB3 /* Resources */ = {
			isa = PBXResourcesBuildPhase;
			buildActionMask = 2147483647;
			files = (
				3FBF8C4727E6E7D1006F7FB3 /* LaunchScreen.storyboard in Resources */,
				3FBF8C4427E6E7D1006F7FB3 /* Assets.xcassets in Resources */,
				3FBF8C4227E6E7CE006F7FB3 /* Main.storyboard in Resources */,
			);
			runOnlyForDeploymentPostprocessing = 0;
		};
/* End PBXResourcesBuildPhase section */

/* Begin PBXSourcesBuildPhase section */
		3FBF8C3327E6E7CE006F7FB3 /* Sources */ = {
			isa = PBXSourcesBuildPhase;
			buildActionMask = 2147483647;
			files = (
				3FD100EF282E86F8008E24FC /* ImageAndTextCell.swift in Sources */,
				3F61FC3227F346CE00BEE41D /* MyGroupsTableCell.swift in Sources */,
				865362F8283CD2CA009E0C85 /* Group.swift in Sources */,
				3F61FC2A27F31C0C00BEE41D /* PhotoViewController.swift in Sources */,
				8626A8F62849E138008968E9 /* URL+Config.swift in Sources */,
				86536300283CF8F1009E0C85 /* RealmPhoto.swift in Sources */,
				3F2CE5AF27FE854A009AFA45 /* LikeControl.swift in Sources */,
				3F61AFF327F1EFFC00F1DACD /* MyFriendsTableCell.swift in Sources */,
				86FAE38B284099FF0086DF85 /* News.swift in Sources */,
				3FD100EB282E82D0008E24FC /* ImageNewsCell.swift in Sources */,
				3F68F1A527F407590021040F /* GlobalGroupsTableViewCell.swift in Sources */,
				8626A8F82849E503008968E9 /* PhotoService.swift in Sources */,
				8633C543284756D00016D12B /* ImageAndTextColectionCell.swift in Sources */,
				3F7A35EC2833553E00C25DA1 /* ImageCollectionCell.swift in Sources */,
				3F29F6832824F8B800544BDD /* AuthorizationViewController.swift in Sources */,
				8626A8FC284A2FC4008968E9 /* NewsService.swift in Sources */,
				865362F4283CB95F009E0C85 /* RealmUser.swift in Sources */,
				3FFC1C6B28140615000ECD0F /* TransitionAnimator.swift in Sources */,
				8626A8FA2849E697008968E9 /* GroupSearchService.swift in Sources */,
				3F61FC3027F3465700BEE41D /* MyGroupsTableViewController.swift in Sources */,
				3FD100ED282E8637008E24FC /* TextNewsCell.swift in Sources */,
				3F61FC2C27F3330400BEE41D /* PhotoCollectionCell.swift in Sources */,
				3FD100E9282E81C3008E24FC /* NewsCellProtocol.swift in Sources */,
				3F6905B327F17B2700C48143 /* FriendsViewController.swift in Sources */,
				8626A8EC2849D6A5008968E9 /* Response.swift in Sources */,
				3F61AFF527F226DC00F1DACD /* PhotosCollectionViewController.swift in Sources */,
				3FD5C410282A77FD00C8C69C /* UIImage+URL.swift in Sources */,
				865362FA283CD4D7009E0C85 /* RealmGroup.swift in Sources */,
				8626A8F22849DD8E008968E9 /* GroupService.swift in Sources */,
				3F61A8E428059DAC008491F7 /* RealmNews.swift in Sources */,
				3F61A8E028051549008491F7 /* NewsTableViewController.swift in Sources */,
				865362FE283CF828009E0C85 /* Photo.swift in Sources */,
				3FBF8C3B27E6E7CE006F7FB3 /* AppDelegate.swift in Sources */,
				3FC6053C2827BDAA004BEC1B /* Session.swift in Sources */,
				8626A8EE2849DA70008968E9 /* PhotoUrl.swift in Sources */,
				3F68F1A727F407A60021040F /* GlobalGroupsTableViewController.swift in Sources */,
				8626A8F02849DD27008968E9 /* UserService.swift in Sources */,
				3FBF8C3D27E6E7CE006F7FB3 /* SceneDelegate.swift in Sources */,
				865362F6283CCD51009E0C85 /* User.swift in Sources */,
			);
			runOnlyForDeploymentPostprocessing = 0;
		};
/* End PBXSourcesBuildPhase section */

/* Begin PBXVariantGroup section */
		3FBF8C4027E6E7CE006F7FB3 /* Main.storyboard */ = {
			isa = PBXVariantGroup;
			children = (
				3FBF8C4127E6E7CE006F7FB3 /* Base */,
			);
			name = Main.storyboard;
			sourceTree = "<group>";
		};
		3FBF8C4527E6E7D1006F7FB3 /* LaunchScreen.storyboard */ = {
			isa = PBXVariantGroup;
			children = (
				3FBF8C4627E6E7D1006F7FB3 /* Base */,
			);
			name = LaunchScreen.storyboard;
			sourceTree = "<group>";
		};
/* End PBXVariantGroup section */

/* Begin XCBuildConfiguration section */
		3FBF8C4927E6E7D1006F7FB3 /* Debug */ = {
			isa = XCBuildConfiguration;
			buildSettings = {
				ALWAYS_SEARCH_USER_PATHS = NO;
				CLANG_ANALYZER_NONNULL = YES;
				CLANG_ANALYZER_NUMBER_OBJECT_CONVERSION = YES_AGGRESSIVE;
				CLANG_CXX_LANGUAGE_STANDARD = "gnu++17";
				CLANG_CXX_LIBRARY = "libc++";
				CLANG_ENABLE_MODULES = YES;
				CLANG_ENABLE_OBJC_ARC = YES;
				CLANG_ENABLE_OBJC_WEAK = YES;
				CLANG_WARN_BLOCK_CAPTURE_AUTORELEASING = YES;
				CLANG_WARN_BOOL_CONVERSION = YES;
				CLANG_WARN_COMMA = YES;
				CLANG_WARN_CONSTANT_CONVERSION = YES;
				CLANG_WARN_DEPRECATED_OBJC_IMPLEMENTATIONS = YES;
				CLANG_WARN_DIRECT_OBJC_ISA_USAGE = YES_ERROR;
				CLANG_WARN_DOCUMENTATION_COMMENTS = YES;
				CLANG_WARN_EMPTY_BODY = YES;
				CLANG_WARN_ENUM_CONVERSION = YES;
				CLANG_WARN_INFINITE_RECURSION = YES;
				CLANG_WARN_INT_CONVERSION = YES;
				CLANG_WARN_NON_LITERAL_NULL_CONVERSION = YES;
				CLANG_WARN_OBJC_IMPLICIT_RETAIN_SELF = YES;
				CLANG_WARN_OBJC_LITERAL_CONVERSION = YES;
				CLANG_WARN_OBJC_ROOT_CLASS = YES_ERROR;
				CLANG_WARN_QUOTED_INCLUDE_IN_FRAMEWORK_HEADER = YES;
				CLANG_WARN_RANGE_LOOP_ANALYSIS = YES;
				CLANG_WARN_STRICT_PROTOTYPES = YES;
				CLANG_WARN_SUSPICIOUS_MOVE = YES;
				CLANG_WARN_UNGUARDED_AVAILABILITY = YES_AGGRESSIVE;
				CLANG_WARN_UNREACHABLE_CODE = YES;
				CLANG_WARN__DUPLICATE_METHOD_MATCH = YES;
				COPY_PHASE_STRIP = NO;
				DEBUG_INFORMATION_FORMAT = dwarf;
				ENABLE_STRICT_OBJC_MSGSEND = YES;
				ENABLE_TESTABILITY = YES;
				GCC_C_LANGUAGE_STANDARD = gnu11;
				GCC_DYNAMIC_NO_PIC = NO;
				GCC_NO_COMMON_BLOCKS = YES;
				GCC_OPTIMIZATION_LEVEL = 0;
				GCC_PREPROCESSOR_DEFINITIONS = (
					"DEBUG=1",
					"$(inherited)",
				);
				GCC_WARN_64_TO_32_BIT_CONVERSION = YES;
				GCC_WARN_ABOUT_RETURN_TYPE = YES_ERROR;
				GCC_WARN_UNDECLARED_SELECTOR = YES;
				GCC_WARN_UNINITIALIZED_AUTOS = YES_AGGRESSIVE;
				GCC_WARN_UNUSED_FUNCTION = YES;
				GCC_WARN_UNUSED_VARIABLE = YES;
				IPHONEOS_DEPLOYMENT_TARGET = 15.2;
				MTL_ENABLE_DEBUG_INFO = INCLUDE_SOURCE;
				MTL_FAST_MATH = YES;
				ONLY_ACTIVE_ARCH = YES;
				SDKROOT = iphoneos;
				SWIFT_ACTIVE_COMPILATION_CONDITIONS = DEBUG;
				SWIFT_OPTIMIZATION_LEVEL = "-Onone";
			};
			name = Debug;
		};
		3FBF8C4A27E6E7D1006F7FB3 /* Release */ = {
			isa = XCBuildConfiguration;
			buildSettings = {
				ALWAYS_SEARCH_USER_PATHS = NO;
				CLANG_ANALYZER_NONNULL = YES;
				CLANG_ANALYZER_NUMBER_OBJECT_CONVERSION = YES_AGGRESSIVE;
				CLANG_CXX_LANGUAGE_STANDARD = "gnu++17";
				CLANG_CXX_LIBRARY = "libc++";
				CLANG_ENABLE_MODULES = YES;
				CLANG_ENABLE_OBJC_ARC = YES;
				CLANG_ENABLE_OBJC_WEAK = YES;
				CLANG_WARN_BLOCK_CAPTURE_AUTORELEASING = YES;
				CLANG_WARN_BOOL_CONVERSION = YES;
				CLANG_WARN_COMMA = YES;
				CLANG_WARN_CONSTANT_CONVERSION = YES;
				CLANG_WARN_DEPRECATED_OBJC_IMPLEMENTATIONS = YES;
				CLANG_WARN_DIRECT_OBJC_ISA_USAGE = YES_ERROR;
				CLANG_WARN_DOCUMENTATION_COMMENTS = YES;
				CLANG_WARN_EMPTY_BODY = YES;
				CLANG_WARN_ENUM_CONVERSION = YES;
				CLANG_WARN_INFINITE_RECURSION = YES;
				CLANG_WARN_INT_CONVERSION = YES;
				CLANG_WARN_NON_LITERAL_NULL_CONVERSION = YES;
				CLANG_WARN_OBJC_IMPLICIT_RETAIN_SELF = YES;
				CLANG_WARN_OBJC_LITERAL_CONVERSION = YES;
				CLANG_WARN_OBJC_ROOT_CLASS = YES_ERROR;
				CLANG_WARN_QUOTED_INCLUDE_IN_FRAMEWORK_HEADER = YES;
				CLANG_WARN_RANGE_LOOP_ANALYSIS = YES;
				CLANG_WARN_STRICT_PROTOTYPES = YES;
				CLANG_WARN_SUSPICIOUS_MOVE = YES;
				CLANG_WARN_UNGUARDED_AVAILABILITY = YES_AGGRESSIVE;
				CLANG_WARN_UNREACHABLE_CODE = YES;
				CLANG_WARN__DUPLICATE_METHOD_MATCH = YES;
				COPY_PHASE_STRIP = NO;
				DEBUG_INFORMATION_FORMAT = "dwarf-with-dsym";
				ENABLE_NS_ASSERTIONS = NO;
				ENABLE_STRICT_OBJC_MSGSEND = YES;
				GCC_C_LANGUAGE_STANDARD = gnu11;
				GCC_NO_COMMON_BLOCKS = YES;
				GCC_WARN_64_TO_32_BIT_CONVERSION = YES;
				GCC_WARN_ABOUT_RETURN_TYPE = YES_ERROR;
				GCC_WARN_UNDECLARED_SELECTOR = YES;
				GCC_WARN_UNINITIALIZED_AUTOS = YES_AGGRESSIVE;
				GCC_WARN_UNUSED_FUNCTION = YES;
				GCC_WARN_UNUSED_VARIABLE = YES;
				IPHONEOS_DEPLOYMENT_TARGET = 15.2;
				MTL_ENABLE_DEBUG_INFO = NO;
				MTL_FAST_MATH = YES;
				SDKROOT = iphoneos;
				SWIFT_COMPILATION_MODE = wholemodule;
				SWIFT_OPTIMIZATION_LEVEL = "-O";
				VALIDATE_PRODUCT = YES;
			};
			name = Release;
		};
		3FBF8C4C27E6E7D1006F7FB3 /* Debug */ = {
			isa = XCBuildConfiguration;
			buildSettings = {
				ASSETCATALOG_COMPILER_APPICON_NAME = AppIcon;
				ASSETCATALOG_COMPILER_GLOBAL_ACCENT_COLOR_NAME = AccentColor;
				CODE_SIGN_STYLE = Automatic;
				CURRENT_PROJECT_VERSION = 1;
				DEVELOPMENT_TEAM = KZ68ANWW86;
				GENERATE_INFOPLIST_FILE = YES;
				INFOPLIST_FILE = TextMeApp/Info.plist;
				INFOPLIST_KEY_UIApplicationSupportsIndirectInputEvents = YES;
				INFOPLIST_KEY_UILaunchStoryboardName = LaunchScreen;
				INFOPLIST_KEY_UIMainStoryboardFile = Main;
				INFOPLIST_KEY_UISupportedInterfaceOrientations_iPad = "UIInterfaceOrientationPortrait UIInterfaceOrientationPortraitUpsideDown UIInterfaceOrientationLandscapeLeft UIInterfaceOrientationLandscapeRight";
				INFOPLIST_KEY_UISupportedInterfaceOrientations_iPhone = "UIInterfaceOrientationPortrait UIInterfaceOrientationLandscapeLeft UIInterfaceOrientationLandscapeRight";
				IPHONEOS_DEPLOYMENT_TARGET = 15.0;
				LD_RUNPATH_SEARCH_PATHS = (
					"$(inherited)",
					"@executable_path/Frameworks",
				);
				MARKETING_VERSION = 1.0;
				PRODUCT_BUNDLE_IDENTIFIER = ru.spo.TextMeApp;
				PRODUCT_NAME = "$(TARGET_NAME)";
				SWIFT_EMIT_LOC_STRINGS = YES;
				SWIFT_VERSION = 5.0;
				TARGETED_DEVICE_FAMILY = "1,2";
			};
			name = Debug;
		};
		3FBF8C4D27E6E7D1006F7FB3 /* Release */ = {
			isa = XCBuildConfiguration;
			buildSettings = {
				ASSETCATALOG_COMPILER_APPICON_NAME = AppIcon;
				ASSETCATALOG_COMPILER_GLOBAL_ACCENT_COLOR_NAME = AccentColor;
				CODE_SIGN_STYLE = Automatic;
				CURRENT_PROJECT_VERSION = 1;
				DEVELOPMENT_TEAM = KZ68ANWW86;
				GENERATE_INFOPLIST_FILE = YES;
				INFOPLIST_FILE = TextMeApp/Info.plist;
				INFOPLIST_KEY_UIApplicationSupportsIndirectInputEvents = YES;
				INFOPLIST_KEY_UILaunchStoryboardName = LaunchScreen;
				INFOPLIST_KEY_UIMainStoryboardFile = Main;
				INFOPLIST_KEY_UISupportedInterfaceOrientations_iPad = "UIInterfaceOrientationPortrait UIInterfaceOrientationPortraitUpsideDown UIInterfaceOrientationLandscapeLeft UIInterfaceOrientationLandscapeRight";
				INFOPLIST_KEY_UISupportedInterfaceOrientations_iPhone = "UIInterfaceOrientationPortrait UIInterfaceOrientationLandscapeLeft UIInterfaceOrientationLandscapeRight";
				IPHONEOS_DEPLOYMENT_TARGET = 15.0;
				LD_RUNPATH_SEARCH_PATHS = (
					"$(inherited)",
					"@executable_path/Frameworks",
				);
				MARKETING_VERSION = 1.0;
				PRODUCT_BUNDLE_IDENTIFIER = ru.spo.TextMeApp;
				PRODUCT_NAME = "$(TARGET_NAME)";
				SWIFT_EMIT_LOC_STRINGS = YES;
				SWIFT_VERSION = 5.0;
				TARGETED_DEVICE_FAMILY = "1,2";
			};
			name = Release;
		};
/* End XCBuildConfiguration section */

/* Begin XCConfigurationList section */
		3FBF8C3227E6E7CE006F7FB3 /* Build configuration list for PBXProject "TextMeApp" */ = {
			isa = XCConfigurationList;
			buildConfigurations = (
				3FBF8C4927E6E7D1006F7FB3 /* Debug */,
				3FBF8C4A27E6E7D1006F7FB3 /* Release */,
			);
			defaultConfigurationIsVisible = 0;
			defaultConfigurationName = Release;
		};
		3FBF8C4B27E6E7D1006F7FB3 /* Build configuration list for PBXNativeTarget "TextMeApp" */ = {
			isa = XCConfigurationList;
			buildConfigurations = (
				3FBF8C4C27E6E7D1006F7FB3 /* Debug */,
				3FBF8C4D27E6E7D1006F7FB3 /* Release */,
			);
			defaultConfigurationIsVisible = 0;
			defaultConfigurationName = Release;
		};
/* End XCConfigurationList section */

/* Begin XCRemoteSwiftPackageReference section */
		DAA8763828547B5200146F2A /* XCRemoteSwiftPackageReference "realm-swift" */ = {
			isa = XCRemoteSwiftPackageReference;
			repositoryURL = "https://github.com/realm/realm-swift";
			requirement = {
				branch = master;
				kind = branch;
			};
		};
/* End XCRemoteSwiftPackageReference section */
	};
	rootObject = 3FBF8C2F27E6E7CE006F7FB3 /* Project object */;
}
