// !$*UTF8*$!
{
	archiveVersion = 1;
	classes = {
	};
	objectVersion = 55;
	objects = {

/* Begin PBXBuildFile section */
		3F1BED7028105DB800108C66 /* Photo.swift in Sources */ = {isa = PBXBuildFile; fileRef = 3F1BED6F28105DB800108C66 /* Photo.swift */; };
		3F29F6832824F8B800544BDD /* ViewController.swift in Sources */ = {isa = PBXBuildFile; fileRef = 3F29F6822824F8B800544BDD /* ViewController.swift */; };
		3F2CE5AF27FE854A009AFA45 /* LikeControl.swift in Sources */ = {isa = PBXBuildFile; fileRef = 3F2CE5AE27FE854A009AFA45 /* LikeControl.swift */; };
		3F61A8E028051549008491F7 /* NewsTableViewController.swift in Sources */ = {isa = PBXBuildFile; fileRef = 3F61A8DF28051549008491F7 /* NewsTableViewController.swift */; };
		3F61A8E228051683008491F7 /* NewsTableViewCell.swift in Sources */ = {isa = PBXBuildFile; fileRef = 3F61A8E128051683008491F7 /* NewsTableViewCell.swift */; };
		3F61A8E428059DAC008491F7 /* News.swift in Sources */ = {isa = PBXBuildFile; fileRef = 3F61A8E328059DAC008491F7 /* News.swift */; };
		3F61AFF127F1D37800F1DACD /* User.swift in Sources */ = {isa = PBXBuildFile; fileRef = 3F61AFF027F1D37800F1DACD /* User.swift */; };
		3F61AFF327F1EFFC00F1DACD /* MyFriendsTableCell.swift in Sources */ = {isa = PBXBuildFile; fileRef = 3F61AFF227F1EFFC00F1DACD /* MyFriendsTableCell.swift */; };
		3F61AFF527F226DC00F1DACD /* PhotosCollectionViewController.swift in Sources */ = {isa = PBXBuildFile; fileRef = 3F61AFF427F226DC00F1DACD /* PhotosCollectionViewController.swift */; };
		3F61FC2A27F31C0C00BEE41D /* PhotoViewController.swift in Sources */ = {isa = PBXBuildFile; fileRef = 3F61FC2927F31C0C00BEE41D /* PhotoViewController.swift */; };
		3F61FC2C27F3330400BEE41D /* PhotoCollectionCell.swift in Sources */ = {isa = PBXBuildFile; fileRef = 3F61FC2B27F3330400BEE41D /* PhotoCollectionCell.swift */; };
		3F61FC2E27F345E100BEE41D /* Group.swift in Sources */ = {isa = PBXBuildFile; fileRef = 3F61FC2D27F345E100BEE41D /* Group.swift */; };
		3F61FC3027F3465700BEE41D /* MyGroupsTableViewController.swift in Sources */ = {isa = PBXBuildFile; fileRef = 3F61FC2F27F3465700BEE41D /* MyGroupsTableViewController.swift */; };
		3F61FC3227F346CE00BEE41D /* MyGroupsTableCell.swift in Sources */ = {isa = PBXBuildFile; fileRef = 3F61FC3127F346CE00BEE41D /* MyGroupsTableCell.swift */; };
		3F68F1A527F407590021040F /* GlobalGroupsTableViewCell.swift in Sources */ = {isa = PBXBuildFile; fileRef = 3F68F1A427F407590021040F /* GlobalGroupsTableViewCell.swift */; };
		3F68F1A727F407A60021040F /* GlobalGroupsTableViewController.swift in Sources */ = {isa = PBXBuildFile; fileRef = 3F68F1A627F407A60021040F /* GlobalGroupsTableViewController.swift */; };
		3F6905B327F17B2700C48143 /* MyFriendsViewController.swift in Sources */ = {isa = PBXBuildFile; fileRef = 3F6905B227F17B2700C48143 /* MyFriendsViewController.swift */; };
		3FBF8C3B27E6E7CE006F7FB3 /* AppDelegate.swift in Sources */ = {isa = PBXBuildFile; fileRef = 3FBF8C3A27E6E7CE006F7FB3 /* AppDelegate.swift */; };
		3FBF8C3D27E6E7CE006F7FB3 /* SceneDelegate.swift in Sources */ = {isa = PBXBuildFile; fileRef = 3FBF8C3C27E6E7CE006F7FB3 /* SceneDelegate.swift */; };
		3FBF8C4227E6E7CE006F7FB3 /* Main.storyboard in Resources */ = {isa = PBXBuildFile; fileRef = 3FBF8C4027E6E7CE006F7FB3 /* Main.storyboard */; };
		3FBF8C4427E6E7D1006F7FB3 /* Assets.xcassets in Resources */ = {isa = PBXBuildFile; fileRef = 3FBF8C4327E6E7D1006F7FB3 /* Assets.xcassets */; };
		3FBF8C4727E6E7D1006F7FB3 /* LaunchScreen.storyboard in Resources */ = {isa = PBXBuildFile; fileRef = 3FBF8C4527E6E7D1006F7FB3 /* LaunchScreen.storyboard */; };
		3FBF8C4F27E6E89B006F7FB3 /* LoginFormViewController.swift in Sources */ = {isa = PBXBuildFile; fileRef = 3FBF8C4E27E6E89B006F7FB3 /* LoginFormViewController.swift */; };
		3FFC1C6B28140615000ECD0F /* TransitionAnimator.swift in Sources */ = {isa = PBXBuildFile; fileRef = 3FFC1C6A28140615000ECD0F /* TransitionAnimator.swift */; };
		3FFC1C6D28140645000ECD0F /* CustomNavigationController.swift in Sources */ = {isa = PBXBuildFile; fileRef = 3FFC1C6C28140645000ECD0F /* CustomNavigationController.swift */; };
		3FFC1C6F28154838000ECD0F /* Session.swift in Sources */ = {isa = PBXBuildFile; fileRef = 3FFC1C6E28154838000ECD0F /* Session.swift */; };
/* End PBXBuildFile section */

/* Begin PBXFileReference section */
		3F1BED6F28105DB800108C66 /* Photo.swift */ = {isa = PBXFileReference; lastKnownFileType = sourcecode.swift; path = Photo.swift; sourceTree = "<group>"; };
		3F29F6822824F8B800544BDD /* ViewController.swift */ = {isa = PBXFileReference; lastKnownFileType = sourcecode.swift; path = ViewController.swift; sourceTree = "<group>"; };
		3F2CE5AE27FE854A009AFA45 /* LikeControl.swift */ = {isa = PBXFileReference; lastKnownFileType = sourcecode.swift; path = LikeControl.swift; sourceTree = "<group>"; };
		3F61A8DF28051549008491F7 /* NewsTableViewController.swift */ = {isa = PBXFileReference; lastKnownFileType = sourcecode.swift; path = NewsTableViewController.swift; sourceTree = "<group>"; };
		3F61A8E128051683008491F7 /* NewsTableViewCell.swift */ = {isa = PBXFileReference; lastKnownFileType = sourcecode.swift; path = NewsTableViewCell.swift; sourceTree = "<group>"; };
		3F61A8E328059DAC008491F7 /* News.swift */ = {isa = PBXFileReference; lastKnownFileType = sourcecode.swift; path = News.swift; sourceTree = "<group>"; };
		3F61AFF027F1D37800F1DACD /* User.swift */ = {isa = PBXFileReference; lastKnownFileType = sourcecode.swift; path = User.swift; sourceTree = "<group>"; };
		3F61AFF227F1EFFC00F1DACD /* MyFriendsTableCell.swift */ = {isa = PBXFileReference; lastKnownFileType = sourcecode.swift; path = MyFriendsTableCell.swift; sourceTree = "<group>"; };
		3F61AFF427F226DC00F1DACD /* PhotosCollectionViewController.swift */ = {isa = PBXFileReference; lastKnownFileType = sourcecode.swift; path = PhotosCollectionViewController.swift; sourceTree = "<group>"; };
		3F61FC2927F31C0C00BEE41D /* PhotoViewController.swift */ = {isa = PBXFileReference; lastKnownFileType = sourcecode.swift; path = PhotoViewController.swift; sourceTree = "<group>"; };
		3F61FC2B27F3330400BEE41D /* PhotoCollectionCell.swift */ = {isa = PBXFileReference; lastKnownFileType = sourcecode.swift; path = PhotoCollectionCell.swift; sourceTree = "<group>"; };
		3F61FC2D27F345E100BEE41D /* Group.swift */ = {isa = PBXFileReference; lastKnownFileType = sourcecode.swift; path = Group.swift; sourceTree = "<group>"; };
		3F61FC2F27F3465700BEE41D /* MyGroupsTableViewController.swift */ = {isa = PBXFileReference; lastKnownFileType = sourcecode.swift; path = MyGroupsTableViewController.swift; sourceTree = "<group>"; };
		3F61FC3127F346CE00BEE41D /* MyGroupsTableCell.swift */ = {isa = PBXFileReference; lastKnownFileType = sourcecode.swift; path = MyGroupsTableCell.swift; sourceTree = "<group>"; };
		3F68F1A427F407590021040F /* GlobalGroupsTableViewCell.swift */ = {isa = PBXFileReference; lastKnownFileType = sourcecode.swift; path = GlobalGroupsTableViewCell.swift; sourceTree = "<group>"; };
		3F68F1A627F407A60021040F /* GlobalGroupsTableViewController.swift */ = {isa = PBXFileReference; lastKnownFileType = sourcecode.swift; path = GlobalGroupsTableViewController.swift; sourceTree = "<group>"; };
		3F6905B227F17B2700C48143 /* MyFriendsViewController.swift */ = {isa = PBXFileReference; lastKnownFileType = sourcecode.swift; path = MyFriendsViewController.swift; sourceTree = "<group>"; };
		3FBF8C3727E6E7CE006F7FB3 /* TextMeApp.app */ = {isa = PBXFileReference; explicitFileType = wrapper.application; includeInIndex = 0; path = TextMeApp.app; sourceTree = BUILT_PRODUCTS_DIR; };
		3FBF8C3A27E6E7CE006F7FB3 /* AppDelegate.swift */ = {isa = PBXFileReference; lastKnownFileType = sourcecode.swift; path = AppDelegate.swift; sourceTree = "<group>"; };
		3FBF8C3C27E6E7CE006F7FB3 /* SceneDelegate.swift */ = {isa = PBXFileReference; lastKnownFileType = sourcecode.swift; path = SceneDelegate.swift; sourceTree = "<group>"; };
		3FBF8C4127E6E7CE006F7FB3 /* Base */ = {isa = PBXFileReference; lastKnownFileType = file.storyboard; name = Base; path = Base.lproj/Main.storyboard; sourceTree = "<group>"; };
		3FBF8C4327E6E7D1006F7FB3 /* Assets.xcassets */ = {isa = PBXFileReference; lastKnownFileType = folder.assetcatalog; path = Assets.xcassets; sourceTree = "<group>"; };
		3FBF8C4627E6E7D1006F7FB3 /* Base */ = {isa = PBXFileReference; lastKnownFileType = file.storyboard; name = Base; path = Base.lproj/LaunchScreen.storyboard; sourceTree = "<group>"; };
		3FBF8C4827E6E7D1006F7FB3 /* Info.plist */ = {isa = PBXFileReference; lastKnownFileType = text.plist.xml; path = Info.plist; sourceTree = "<group>"; };
		3FBF8C4E27E6E89B006F7FB3 /* LoginFormViewController.swift */ = {isa = PBXFileReference; lastKnownFileType = sourcecode.swift; path = LoginFormViewController.swift; sourceTree = "<group>"; };
		3FFC1C6A28140615000ECD0F /* TransitionAnimator.swift */ = {isa = PBXFileReference; lastKnownFileType = sourcecode.swift; path = TransitionAnimator.swift; sourceTree = "<group>"; };
		3FFC1C6C28140645000ECD0F /* CustomNavigationController.swift */ = {isa = PBXFileReference; lastKnownFileType = sourcecode.swift; path = CustomNavigationController.swift; sourceTree = "<group>"; };
		3FFC1C6E28154838000ECD0F /* Session.swift */ = {isa = PBXFileReference; lastKnownFileType = sourcecode.swift; path = Session.swift; sourceTree = "<group>"; };
/* End PBXFileReference section */

/* Begin PBXFrameworksBuildPhase section */
		3FBF8C3427E6E7CE006F7FB3 /* Frameworks */ = {
			isa = PBXFrameworksBuildPhase;
			buildActionMask = 2147483647;
			files = (
			);
			runOnlyForDeploymentPostprocessing = 0;
		};
/* End PBXFrameworksBuildPhase section */

/* Begin PBXGroup section */
		3F61AFEF27F1D1B200F1DACD /* Model */ = {
			isa = PBXGroup;
			children = (
				3F61AFF027F1D37800F1DACD /* User.swift */,
				3F1BED6F28105DB800108C66 /* Photo.swift */,
				3F61FC2D27F345E100BEE41D /* Group.swift */,
				3F61A8E328059DAC008491F7 /* News.swift */,
			);
			path = Model;
			sourceTree = "<group>";
		};
		3FBF8C2E27E6E7CE006F7FB3 = {
			isa = PBXGroup;
			children = (
				3FBF8C3927E6E7CE006F7FB3 /* TextMeApp */,
				3FBF8C3827E6E7CE006F7FB3 /* Products */,
			);
			sourceTree = "<group>";
		};
		3FBF8C3827E6E7CE006F7FB3 /* Products */ = {
			isa = PBXGroup;
			children = (
				3FBF8C3727E6E7CE006F7FB3 /* TextMeApp.app */,
			);
			name = Products;
			sourceTree = "<group>";
		};
		3FBF8C3927E6E7CE006F7FB3 /* TextMeApp */ = {
			isa = PBXGroup;
			children = (
				3F61AFEF27F1D1B200F1DACD /* Model */,
				3FBF8C4E27E6E89B006F7FB3 /* LoginFormViewController.swift */,
				3F61FC2927F31C0C00BEE41D /* PhotoViewController.swift */,
				3FBF8C3A27E6E7CE006F7FB3 /* AppDelegate.swift */,
				3FBF8C3C27E6E7CE006F7FB3 /* SceneDelegate.swift */,
				3FBF8C4027E6E7CE006F7FB3 /* Main.storyboard */,
				3F29F6822824F8B800544BDD /* ViewController.swift */,
				3F61A8E128051683008491F7 /* NewsTableViewCell.swift */,
				3F61A8DF28051549008491F7 /* NewsTableViewController.swift */,
				3F2CE5AE27FE854A009AFA45 /* LikeControl.swift */,
				3F61AFF227F1EFFC00F1DACD /* MyFriendsTableCell.swift */,
				3F6905B227F17B2700C48143 /* MyFriendsViewController.swift */,
				3FFC1C6A28140615000ECD0F /* TransitionAnimator.swift */,
				3FFC1C6C28140645000ECD0F /* CustomNavigationController.swift */,
				3F61AFF427F226DC00F1DACD /* PhotosCollectionViewController.swift */,
				3F61FC2F27F3465700BEE41D /* MyGroupsTableViewController.swift */,
				3F68F1A427F407590021040F /* GlobalGroupsTableViewCell.swift */,
				3F68F1A627F407A60021040F /* GlobalGroupsTableViewController.swift */,
				3F61FC3127F346CE00BEE41D /* MyGroupsTableCell.swift */,
				3F61FC2B27F3330400BEE41D /* PhotoCollectionCell.swift */,
				3FBF8C4327E6E7D1006F7FB3 /* Assets.xcassets */,
				3FFC1C6E28154838000ECD0F /* Session.swift */,
				3FBF8C4527E6E7D1006F7FB3 /* LaunchScreen.storyboard */,
				3FBF8C4827E6E7D1006F7FB3 /* Info.plist */,
			);
			path = TextMeApp;
			sourceTree = "<group>";
		};
/* End PBXGroup section */

/* Begin PBXNativeTarget section */
		3FBF8C3627E6E7CE006F7FB3 /* TextMeApp */ = {
			isa = PBXNativeTarget;
			buildConfigurationList = 3FBF8C4B27E6E7D1006F7FB3 /* Build configuration list for PBXNativeTarget "TextMeApp" */;
			buildPhases = (
				3FBF8C3327E6E7CE006F7FB3 /* Sources */,
				3FBF8C3427E6E7CE006F7FB3 /* Frameworks */,
				3FBF8C3527E6E7CE006F7FB3 /* Resources */,
			);
			buildRules = (
			);
			dependencies = (
			);
			name = TextMeApp;
			productName = TextMeApp;
			productReference = 3FBF8C3727E6E7CE006F7FB3 /* TextMeApp.app */;
			productType = "com.apple.product-type.application";
		};
/* End PBXNativeTarget section */

/* Begin PBXProject section */
		3FBF8C2F27E6E7CE006F7FB3 /* Project object */ = {
			isa = PBXProject;
			attributes = {
				BuildIndependentTargetsInParallel = 1;
				LastSwiftUpdateCheck = 1320;
				LastUpgradeCheck = 1320;
				TargetAttributes = {
					3FBF8C3627E6E7CE006F7FB3 = {
						CreatedOnToolsVersion = 13.2.1;
					};
				};
			};
			buildConfigurationList = 3FBF8C3227E6E7CE006F7FB3 /* Build configuration list for PBXProject "TextMeApp" */;
			compatibilityVersion = "Xcode 13.0";
			developmentRegion = en;
			hasScannedForEncodings = 0;
			knownRegions = (
				en,
				Base,
			);
			mainGroup = 3FBF8C2E27E6E7CE006F7FB3;
			productRefGroup = 3FBF8C3827E6E7CE006F7FB3 /* Products */;
			projectDirPath = "";
			projectRoot = "";
			targets = (
				3FBF8C3627E6E7CE006F7FB3 /* TextMeApp */,
			);
		};
/* End PBXProject section */

/* Begin PBXResourcesBuildPhase section */
		3FBF8C3527E6E7CE006F7FB3 /* Resources */ = {
			isa = PBXResourcesBuildPhase;
			buildActionMask = 2147483647;
			files = (
				3FBF8C4727E6E7D1006F7FB3 /* LaunchScreen.storyboard in Resources */,
				3FBF8C4427E6E7D1006F7FB3 /* Assets.xcassets in Resources */,
				3FBF8C4227E6E7CE006F7FB3 /* Main.storyboard in Resources */,
			);
			runOnlyForDeploymentPostprocessing = 0;
		};
/* End PBXResourcesBuildPhase section */

/* Begin PBXSourcesBuildPhase section */
		3FBF8C3327E6E7CE006F7FB3 /* Sources */ = {
			isa = PBXSourcesBuildPhase;
			buildActionMask = 2147483647;
			files = (
				3FFC1C6D28140645000ECD0F /* CustomNavigationController.swift in Sources */,
				3F61FC3227F346CE00BEE41D /* MyGroupsTableCell.swift in Sources */,
				3F61FC2A27F31C0C00BEE41D /* PhotoViewController.swift in Sources */,
				3F2CE5AF27FE854A009AFA45 /* LikeControl.swift in Sources */,
				3F61AFF127F1D37800F1DACD /* User.swift in Sources */,
				3F61AFF327F1EFFC00F1DACD /* MyFriendsTableCell.swift in Sources */,
				3F68F1A527F407590021040F /* GlobalGroupsTableViewCell.swift in Sources */,
				3F29F6832824F8B800544BDD /* ViewController.swift in Sources */,
				3F61FC2E27F345E100BEE41D /* Group.swift in Sources */,
				3FFC1C6B28140615000ECD0F /* TransitionAnimator.swift in Sources */,
				3F61FC3027F3465700BEE41D /* MyGroupsTableViewController.swift in Sources */,
				3F61FC2C27F3330400BEE41D /* PhotoCollectionCell.swift in Sources */,
				3FBF8C4F27E6E89B006F7FB3 /* LoginFormViewController.swift in Sources */,
				3F6905B327F17B2700C48143 /* MyFriendsViewController.swift in Sources */,
				3F61AFF527F226DC00F1DACD /* PhotosCollectionViewController.swift in Sources */,
				3F1BED7028105DB800108C66 /* Photo.swift in Sources */,
				3F61A8E428059DAC008491F7 /* News.swift in Sources */,
				3F61A8E028051549008491F7 /* NewsTableViewController.swift in Sources */,
				3FBF8C3B27E6E7CE006F7FB3 /* AppDelegate.swift in Sources */,
				3FFC1C6F28154838000ECD0F /* Session.swift in Sources */,
				3F61A8E228051683008491F7 /* NewsTableViewCell.swift in Sources */,
				3F68F1A727F407A60021040F /* GlobalGroupsTableViewController.swift in Sources */,
				3FBF8C3D27E6E7CE006F7FB3 /* SceneDelegate.swift in Sources */,
			);
			runOnlyForDeploymentPostprocessing = 0;
		};
/* End PBXSourcesBuildPhase section */

/* Begin PBXVariantGroup section */
		3FBF8C4027E6E7CE006F7FB3 /* Main.storyboard */ = {
			isa = PBXVariantGroup;
			children = (
				3FBF8C4127E6E7CE006F7FB3 /* Base */,
			);
			name = Main.storyboard;
			sourceTree = "<group>";
		};
		3FBF8C4527E6E7D1006F7FB3 /* LaunchScreen.storyboard */ = {
			isa = PBXVariantGroup;
			children = (
				3FBF8C4627E6E7D1006F7FB3 /* Base */,
			);
			name = LaunchScreen.storyboard;
			sourceTree = "<group>";
		};
/* End PBXVariantGroup section */

/* Begin XCBuildConfiguration section */
		3FBF8C4927E6E7D1006F7FB3 /* Debug */ = {
			isa = XCBuildConfiguration;
			buildSettings = {
				ALWAYS_SEARCH_USER_PATHS = NO;
				CLANG_ANALYZER_NONNULL = YES;
				CLANG_ANALYZER_NUMBER_OBJECT_CONVERSION = YES_AGGRESSIVE;
				CLANG_CXX_LANGUAGE_STANDARD = "gnu++17";
				CLANG_CXX_LIBRARY = "libc++";
				CLANG_ENABLE_MODULES = YES;
				CLANG_ENABLE_OBJC_ARC = YES;
				CLANG_ENABLE_OBJC_WEAK = YES;
				CLANG_WARN_BLOCK_CAPTURE_AUTORELEASING = YES;
				CLANG_WARN_BOOL_CONVERSION = YES;
				CLANG_WARN_COMMA = YES;
				CLANG_WARN_CONSTANT_CONVERSION = YES;
				CLANG_WARN_DEPRECATED_OBJC_IMPLEMENTATIONS = YES;
				CLANG_WARN_DIRECT_OBJC_ISA_USAGE = YES_ERROR;
				CLANG_WARN_DOCUMENTATION_COMMENTS = YES;
				CLANG_WARN_EMPTY_BODY = YES;
				CLANG_WARN_ENUM_CONVERSION = YES;
				CLANG_WARN_INFINITE_RECURSION = YES;
				CLANG_WARN_INT_CONVERSION = YES;
				CLANG_WARN_NON_LITERAL_NULL_CONVERSION = YES;
				CLANG_WARN_OBJC_IMPLICIT_RETAIN_SELF = YES;
				CLANG_WARN_OBJC_LITERAL_CONVERSION = YES;
				CLANG_WARN_OBJC_ROOT_CLASS = YES_ERROR;
				CLANG_WARN_QUOTED_INCLUDE_IN_FRAMEWORK_HEADER = YES;
				CLANG_WARN_RANGE_LOOP_ANALYSIS = YES;
				CLANG_WARN_STRICT_PROTOTYPES = YES;
				CLANG_WARN_SUSPICIOUS_MOVE = YES;
				CLANG_WARN_UNGUARDED_AVAILABILITY = YES_AGGRESSIVE;
				CLANG_WARN_UNREACHABLE_CODE = YES;
				CLANG_WARN__DUPLICATE_METHOD_MATCH = YES;
				COPY_PHASE_STRIP = NO;
				DEBUG_INFORMATION_FORMAT = dwarf;
				ENABLE_STRICT_OBJC_MSGSEND = YES;
				ENABLE_TESTABILITY = YES;
				GCC_C_LANGUAGE_STANDARD = gnu11;
				GCC_DYNAMIC_NO_PIC = NO;
				GCC_NO_COMMON_BLOCKS = YES;
				GCC_OPTIMIZATION_LEVEL = 0;
				GCC_PREPROCESSOR_DEFINITIONS = (
					"DEBUG=1",
					"$(inherited)",
				);
				GCC_WARN_64_TO_32_BIT_CONVERSION = YES;
				GCC_WARN_ABOUT_RETURN_TYPE = YES_ERROR;
				GCC_WARN_UNDECLARED_SELECTOR = YES;
				GCC_WARN_UNINITIALIZED_AUTOS = YES_AGGRESSIVE;
				GCC_WARN_UNUSED_FUNCTION = YES;
				GCC_WARN_UNUSED_VARIABLE = YES;
				IPHONEOS_DEPLOYMENT_TARGET = 15.2;
				MTL_ENABLE_DEBUG_INFO = INCLUDE_SOURCE;
				MTL_FAST_MATH = YES;
				ONLY_ACTIVE_ARCH = YES;
				SDKROOT = iphoneos;
				SWIFT_ACTIVE_COMPILATION_CONDITIONS = DEBUG;
				SWIFT_OPTIMIZATION_LEVEL = "-Onone";
			};
			name = Debug;
		};
		3FBF8C4A27E6E7D1006F7FB3 /* Release */ = {
			isa = XCBuildConfiguration;
			buildSettings = {
				ALWAYS_SEARCH_USER_PATHS = NO;
				CLANG_ANALYZER_NONNULL = YES;
				CLANG_ANALYZER_NUMBER_OBJECT_CONVERSION = YES_AGGRESSIVE;
				CLANG_CXX_LANGUAGE_STANDARD = "gnu++17";
				CLANG_CXX_LIBRARY = "libc++";
				CLANG_ENABLE_MODULES = YES;
				CLANG_ENABLE_OBJC_ARC = YES;
				CLANG_ENABLE_OBJC_WEAK = YES;
				CLANG_WARN_BLOCK_CAPTURE_AUTORELEASING = YES;
				CLANG_WARN_BOOL_CONVERSION = YES;
				CLANG_WARN_COMMA = YES;
				CLANG_WARN_CONSTANT_CONVERSION = YES;
				CLANG_WARN_DEPRECATED_OBJC_IMPLEMENTATIONS = YES;
				CLANG_WARN_DIRECT_OBJC_ISA_USAGE = YES_ERROR;
				CLANG_WARN_DOCUMENTATION_COMMENTS = YES;
				CLANG_WARN_EMPTY_BODY = YES;
				CLANG_WARN_ENUM_CONVERSION = YES;
				CLANG_WARN_INFINITE_RECURSION = YES;
				CLANG_WARN_INT_CONVERSION = YES;
				CLANG_WARN_NON_LITERAL_NULL_CONVERSION = YES;
				CLANG_WARN_OBJC_IMPLICIT_RETAIN_SELF = YES;
				CLANG_WARN_OBJC_LITERAL_CONVERSION = YES;
				CLANG_WARN_OBJC_ROOT_CLASS = YES_ERROR;
				CLANG_WARN_QUOTED_INCLUDE_IN_FRAMEWORK_HEADER = YES;
				CLANG_WARN_RANGE_LOOP_ANALYSIS = YES;
				CLANG_WARN_STRICT_PROTOTYPES = YES;
				CLANG_WARN_SUSPICIOUS_MOVE = YES;
				CLANG_WARN_UNGUARDED_AVAILABILITY = YES_AGGRESSIVE;
				CLANG_WARN_UNREACHABLE_CODE = YES;
				CLANG_WARN__DUPLICATE_METHOD_MATCH = YES;
				COPY_PHASE_STRIP = NO;
				DEBUG_INFORMATION_FORMAT = "dwarf-with-dsym";
				ENABLE_NS_ASSERTIONS = NO;
				ENABLE_STRICT_OBJC_MSGSEND = YES;
				GCC_C_LANGUAGE_STANDARD = gnu11;
				GCC_NO_COMMON_BLOCKS = YES;
				GCC_WARN_64_TO_32_BIT_CONVERSION = YES;
				GCC_WARN_ABOUT_RETURN_TYPE = YES_ERROR;
				GCC_WARN_UNDECLARED_SELECTOR = YES;
				GCC_WARN_UNINITIALIZED_AUTOS = YES_AGGRESSIVE;
				GCC_WARN_UNUSED_FUNCTION = YES;
				GCC_WARN_UNUSED_VARIABLE = YES;
				IPHONEOS_DEPLOYMENT_TARGET = 15.2;
				MTL_ENABLE_DEBUG_INFO = NO;
				MTL_FAST_MATH = YES;
				SDKROOT = iphoneos;
				SWIFT_COMPILATION_MODE = wholemodule;
				SWIFT_OPTIMIZATION_LEVEL = "-O";
				VALIDATE_PRODUCT = YES;
			};
			name = Release;
		};
		3FBF8C4C27E6E7D1006F7FB3 /* Debug */ = {
			isa = XCBuildConfiguration;
			buildSettings = {
				ASSETCATALOG_COMPILER_APPICON_NAME = AppIcon;
				ASSETCATALOG_COMPILER_GLOBAL_ACCENT_COLOR_NAME = AccentColor;
				CODE_SIGN_STYLE = Automatic;
				CURRENT_PROJECT_VERSION = 1;
				GENERATE_INFOPLIST_FILE = YES;
				INFOPLIST_FILE = TextMeApp/Info.plist;
				INFOPLIST_KEY_UIApplicationSupportsIndirectInputEvents = YES;
				INFOPLIST_KEY_UILaunchStoryboardName = LaunchScreen;
				INFOPLIST_KEY_UIMainStoryboardFile = Main;
				INFOPLIST_KEY_UISupportedInterfaceOrientations_iPad = "UIInterfaceOrientationPortrait UIInterfaceOrientationPortraitUpsideDown UIInterfaceOrientationLandscapeLeft UIInterfaceOrientationLandscapeRight";
				INFOPLIST_KEY_UISupportedInterfaceOrientations_iPhone = "UIInterfaceOrientationPortrait UIInterfaceOrientationLandscapeLeft UIInterfaceOrientationLandscapeRight";
				LD_RUNPATH_SEARCH_PATHS = (
					"$(inherited)",
					"@executable_path/Frameworks",
				);
				MARKETING_VERSION = 1.0;
				PRODUCT_BUNDLE_IDENTIFIER = ru.spo.TextMeApp;
				PRODUCT_NAME = "$(TARGET_NAME)";
				SWIFT_EMIT_LOC_STRINGS = YES;
				SWIFT_VERSION = 5.0;
				TARGETED_DEVICE_FAMILY = "1,2";
			};
			name = Debug;
		};
		3FBF8C4D27E6E7D1006F7FB3 /* Release */ = {
			isa = XCBuildConfiguration;
			buildSettings = {
				ASSETCATALOG_COMPILER_APPICON_NAME = AppIcon;
				ASSETCATALOG_COMPILER_GLOBAL_ACCENT_COLOR_NAME = AccentColor;
				CODE_SIGN_STYLE = Automatic;
				CURRENT_PROJECT_VERSION = 1;
				GENERATE_INFOPLIST_FILE = YES;
				INFOPLIST_FILE = TextMeApp/Info.plist;
				INFOPLIST_KEY_UIApplicationSupportsIndirectInputEvents = YES;
				INFOPLIST_KEY_UILaunchStoryboardName = LaunchScreen;
				INFOPLIST_KEY_UIMainStoryboardFile = Main;
				INFOPLIST_KEY_UISupportedInterfaceOrientations_iPad = "UIInterfaceOrientationPortrait UIInterfaceOrientationPortraitUpsideDown UIInterfaceOrientationLandscapeLeft UIInterfaceOrientationLandscapeRight";
				INFOPLIST_KEY_UISupportedInterfaceOrientations_iPhone = "UIInterfaceOrientationPortrait UIInterfaceOrientationLandscapeLeft UIInterfaceOrientationLandscapeRight";
				LD_RUNPATH_SEARCH_PATHS = (
					"$(inherited)",
					"@executable_path/Frameworks",
				);
				MARKETING_VERSION = 1.0;
				PRODUCT_BUNDLE_IDENTIFIER = ru.spo.TextMeApp;
				PRODUCT_NAME = "$(TARGET_NAME)";
				SWIFT_EMIT_LOC_STRINGS = YES;
				SWIFT_VERSION = 5.0;
				TARGETED_DEVICE_FAMILY = "1,2";
			};
			name = Release;
		};
/* End XCBuildConfiguration section */

/* Begin XCConfigurationList section */
		3FBF8C3227E6E7CE006F7FB3 /* Build configuration list for PBXProject "TextMeApp" */ = {
			isa = XCConfigurationList;
			buildConfigurations = (
				3FBF8C4927E6E7D1006F7FB3 /* Debug */,
				3FBF8C4A27E6E7D1006F7FB3 /* Release */,
			);
			defaultConfigurationIsVisible = 0;
			defaultConfigurationName = Release;
		};
		3FBF8C4B27E6E7D1006F7FB3 /* Build configuration list for PBXNativeTarget "TextMeApp" */ = {
			isa = XCConfigurationList;
			buildConfigurations = (
				3FBF8C4C27E6E7D1006F7FB3 /* Debug */,
				3FBF8C4D27E6E7D1006F7FB3 /* Release */,
			);
			defaultConfigurationIsVisible = 0;
			defaultConfigurationName = Release;
		};
/* End XCConfigurationList section */
	};
	rootObject = 3FBF8C2F27E6E7CE006F7FB3 /* Project object */;
}
